
Microsoft Visual Studio Solution File, Format Version 12.00
# Visual Studio 15
VisualStudioVersion = 15.0.26430.15
MinimumVisualStudioVersion = 10.0.40219.1
Project("{9A19103F-16F7-4668-BE54-9A1E7A4F7556}") = "PubgStatistics", "PubgStatistics\PubgStatistics.csproj", "{CA1B4287-6E60-4FFB-81D1-0C37A7B06583}"
EndProject
Project("{E24C65DC-7377-472B-9ABA-BC803B73C61A}") = "Statistics.Web(1)", "Statistics.Web\", "{DD497795-5137-4814-883E-88D384238BD8}"
	ProjectSection(WebsiteProperties) = preProject
		TargetFrameworkMoniker = ".NETFramework,Version%3Dv4.0"
		Debug.AspNetCompiler.VirtualPath = "/localhost_53553"
		Debug.AspNetCompiler.PhysicalPath = "Statistics.Web\"
		Debug.AspNetCompiler.TargetPath = "PrecompiledWeb\localhost_53553\"
		Debug.AspNetCompiler.Updateable = "true"
		Debug.AspNetCompiler.ForceOverwrite = "true"
		Debug.AspNetCompiler.FixedNames = "false"
		Debug.AspNetCompiler.Debug = "True"
		Release.AspNetCompiler.VirtualPath = "/localhost_53553"
		Release.AspNetCompiler.PhysicalPath = "Statistics.Web\"
		Release.AspNetCompiler.TargetPath = "PrecompiledWeb\localhost_53553\"
		Release.AspNetCompiler.Updateable = "true"
		Release.AspNetCompiler.ForceOverwrite = "true"
		Release.AspNetCompiler.FixedNames = "false"
		Release.AspNetCompiler.Debug = "False"
		VWDPort = "53553"
		SlnRelativePath = "Statistics.Web\"
	EndProjectSection
EndProject
Global
	GlobalSection(SolutionConfigurationPlatforms) = preSolution
		Debug|Any CPU = Debug|Any CPU
		Release|Any CPU = Release|Any CPU
	EndGlobalSection
	GlobalSection(ProjectConfigurationPlatforms) = postSolution
		{CA1B4287-6E60-4FFB-81D1-0C37A7B06583}.Debug|Any CPU.ActiveCfg = Debug|Any CPU
		{CA1B4287-6E60-4FFB-81D1-0C37A7B06583}.Debug|Any CPU.Build.0 = Debug|Any CPU
		{CA1B4287-6E60-4FFB-81D1-0C37A7B06583}.Release|Any CPU.ActiveCfg = Release|Any CPU
		{CA1B4287-6E60-4FFB-81D1-0C37A7B06583}.Release|Any CPU.Build.0 = Release|Any CPU
		{DD497795-5137-4814-883E-88D384238BD8}.Debug|Any CPU.ActiveCfg = Debug|Any CPU
		{DD497795-5137-4814-883E-88D384238BD8}.Debug|Any CPU.Build.0 = Debug|Any CPU
		{DD497795-5137-4814-883E-88D384238BD8}.Release|Any CPU.ActiveCfg = Debug|Any CPU
		{DD497795-5137-4814-883E-88D384238BD8}.Release|Any CPU.Build.0 = Debug|Any CPU
	EndGlobalSection
	GlobalSection(SolutionProperties) = preSolution
		HideSolutionNode = FALSE
	EndGlobalSection
EndGlobal
